
Microsoft Visual Studio Solution File, Format Version 12.00
# Visual Studio Version 17
VisualStudioVersion = 17.2.32616.157
MinimumVisualStudioVersion = 10.0.40219.1
Project("{FAE04EC0-301F-11D3-BF4B-00C04F79EFBC}") = "Progrm01_Console", "Progrm01_Console\Progrm01_Console.csproj", "{33B0B65A-131A-4937-AE85-6DBCED2F97A7}"
EndProject
Global
	GlobalSection(SolutionConfigurationPlatforms) = preSolution
		Debug|Any CPU = Debug|Any CPU
		Release|Any CPU = Release|Any CPU
	EndGlobalSection
	GlobalSection(ProjectConfigurationPlatforms) = postSolution
		{33B0B65A-131A-4937-AE85-6DBCED2F97A7}.Debug|Any CPU.ActiveCfg = Debug|Any CPU
		{33B0B65A-131A-4937-AE85-6DBCED2F97A7}.Debug|Any CPU.Build.0 = Debug|Any CPU
		{33B0B65A-131A-4937-AE85-6DBCED2F97A7}.Release|Any CPU.ActiveCfg = Release|Any CPU
		{33B0B65A-131A-4937-AE85-6DBCED2F97A7}.Release|Any CPU.Build.0 = Release|Any CPU
	EndGlobalSection
	GlobalSection(SolutionProperties) = preSolution
		HideSolutionNode = FALSE
	EndGlobalSection
	GlobalSection(ExtensibilityGlobals) = postSolution
		SolutionGuid = {4F549A54-827A-473E-836B-2B324E7CCD28}
	EndGlobalSection
EndGlobal
